
Microsoft Visual Studio Solution File, Format Version 12.00
# Visual Studio Version 16
VisualStudioVersion = 16.0.30002.166
MinimumVisualStudioVersion = 10.0.40219.1
Project("{FAE04EC0-301F-11D3-BF4B-00C04F79EFBC}") = "Factory_One", "Factory_One\Factory_One.csproj", "{56842DF8-9BAA-41D1-B0FA-48DBD67633D5}"
EndProject
Global
	GlobalSection(SolutionConfigurationPlatforms) = preSolution
		Debug|Any CPU = Debug|Any CPU
		Release|Any CPU = Release|Any CPU
	EndGlobalSection
	GlobalSection(ProjectConfigurationPlatforms) = postSolution
		{56842DF8-9BAA-41D1-B0FA-48DBD67633D5}.Debug|Any CPU.ActiveCfg = Debug|Any CPU
		{56842DF8-9BAA-41D1-B0FA-48DBD67633D5}.Debug|Any CPU.Build.0 = Debug|Any CPU
		{56842DF8-9BAA-41D1-B0FA-48DBD67633D5}.Release|Any CPU.ActiveCfg = Release|Any CPU
		{56842DF8-9BAA-41D1-B0FA-48DBD67633D5}.Release|Any CPU.Build.0 = Release|Any CPU
	EndGlobalSection
	GlobalSection(SolutionProperties) = preSolution
		HideSolutionNode = FALSE
	EndGlobalSection
	GlobalSection(ExtensibilityGlobals) = postSolution
		SolutionGuid = {1CD00B64-83C8-4859-BBED-3755F7D526A6}
	EndGlobalSection
EndGlobal
