
Microsoft Visual Studio Solution File, Format Version 12.00
# Visual Studio Version 16
VisualStudioVersion = 16.0.30002.166
MinimumVisualStudioVersion = 10.0.40219.1
Project("{FAE04EC0-301F-11D3-BF4B-00C04F79EFBC}") = "MetadataInterrogation", "MetadataInterrogation\MetadataInterrogation.csproj", "{086675CB-D045-4CAD-B5D4-8086AC6056B1}"
EndProject
Global
	GlobalSection(SolutionConfigurationPlatforms) = preSolution
		Debug|Any CPU = Debug|Any CPU
		Release|Any CPU = Release|Any CPU
	EndGlobalSection
	GlobalSection(ProjectConfigurationPlatforms) = postSolution
		{086675CB-D045-4CAD-B5D4-8086AC6056B1}.Debug|Any CPU.ActiveCfg = Debug|Any CPU
		{086675CB-D045-4CAD-B5D4-8086AC6056B1}.Debug|Any CPU.Build.0 = Debug|Any CPU
		{086675CB-D045-4CAD-B5D4-8086AC6056B1}.Release|Any CPU.ActiveCfg = Release|Any CPU
		{086675CB-D045-4CAD-B5D4-8086AC6056B1}.Release|Any CPU.Build.0 = Release|Any CPU
	EndGlobalSection
	GlobalSection(SolutionProperties) = preSolution
		HideSolutionNode = FALSE
	EndGlobalSection
	GlobalSection(ExtensibilityGlobals) = postSolution
		SolutionGuid = {E11A22B8-AB5C-4F62-9B2A-68B7EDD3AA31}
	EndGlobalSection
EndGlobal
