
Microsoft Visual Studio Solution File, Format Version 12.00
# Visual Studio Version 16
VisualStudioVersion = 16.0.30002.166
MinimumVisualStudioVersion = 10.0.40219.1
Project("{FAE04EC0-301F-11D3-BF4B-00C04F79EFBC}") = "ScanningTypesAndModules", "ScanningTypesAndModules\ScanningTypesAndModules.csproj", "{04F1BEAA-F747-4710-A0AF-141678053864}"
EndProject
Global
	GlobalSection(SolutionConfigurationPlatforms) = preSolution
		Debug|Any CPU = Debug|Any CPU
		Release|Any CPU = Release|Any CPU
	EndGlobalSection
	GlobalSection(ProjectConfigurationPlatforms) = postSolution
		{04F1BEAA-F747-4710-A0AF-141678053864}.Debug|Any CPU.ActiveCfg = Debug|Any CPU
		{04F1BEAA-F747-4710-A0AF-141678053864}.Debug|Any CPU.Build.0 = Debug|Any CPU
		{04F1BEAA-F747-4710-A0AF-141678053864}.Release|Any CPU.ActiveCfg = Release|Any CPU
		{04F1BEAA-F747-4710-A0AF-141678053864}.Release|Any CPU.Build.0 = Release|Any CPU
	EndGlobalSection
	GlobalSection(SolutionProperties) = preSolution
		HideSolutionNode = FALSE
	EndGlobalSection
	GlobalSection(ExtensibilityGlobals) = postSolution
		SolutionGuid = {CCBA2954-81A9-41E4-BE80-05251A304AE6}
	EndGlobalSection
EndGlobal
