
Microsoft Visual Studio Solution File, Format Version 12.00
# Visual Studio Version 16
VisualStudioVersion = 16.0.30002.166
MinimumVisualStudioVersion = 10.0.40219.1
Project("{FAE04EC0-301F-11D3-BF4B-00C04F79EFBC}") = "AsParallel", "AsParallel\AsParallel.csproj", "{54BBEE25-626E-4BE9-AAE2-9E425E6ADFE7}"
EndProject
Global
	GlobalSection(SolutionConfigurationPlatforms) = preSolution
		Debug|Any CPU = Debug|Any CPU
		Release|Any CPU = Release|Any CPU
	EndGlobalSection
	GlobalSection(ProjectConfigurationPlatforms) = postSolution
		{54BBEE25-626E-4BE9-AAE2-9E425E6ADFE7}.Debug|Any CPU.ActiveCfg = Debug|Any CPU
		{54BBEE25-626E-4BE9-AAE2-9E425E6ADFE7}.Debug|Any CPU.Build.0 = Debug|Any CPU
		{54BBEE25-626E-4BE9-AAE2-9E425E6ADFE7}.Release|Any CPU.ActiveCfg = Release|Any CPU
		{54BBEE25-626E-4BE9-AAE2-9E425E6ADFE7}.Release|Any CPU.Build.0 = Release|Any CPU
	EndGlobalSection
	GlobalSection(SolutionProperties) = preSolution
		HideSolutionNode = FALSE
	EndGlobalSection
	GlobalSection(ExtensibilityGlobals) = postSolution
		SolutionGuid = {D1C82DFD-2CFC-4151-B967-6C8EA2FCD4C7}
	EndGlobalSection
EndGlobal
