
Microsoft Visual Studio Solution File, Format Version 12.00
# Visual Studio Version 16
VisualStudioVersion = 16.0.30002.166
MinimumVisualStudioVersion = 10.0.40219.1
Project("{FAE04EC0-301F-11D3-BF4B-00C04F79EFBC}") = "FactoryExample", "FactoryExample\FactoryExample.csproj", "{74B99006-531D-4856-B2BA-A907EBA3C64C}"
EndProject
Global
	GlobalSection(SolutionConfigurationPlatforms) = preSolution
		Debug|Any CPU = Debug|Any CPU
		Release|Any CPU = Release|Any CPU
	EndGlobalSection
	GlobalSection(ProjectConfigurationPlatforms) = postSolution
		{74B99006-531D-4856-B2BA-A907EBA3C64C}.Debug|Any CPU.ActiveCfg = Debug|Any CPU
		{74B99006-531D-4856-B2BA-A907EBA3C64C}.Debug|Any CPU.Build.0 = Debug|Any CPU
		{74B99006-531D-4856-B2BA-A907EBA3C64C}.Release|Any CPU.ActiveCfg = Release|Any CPU
		{74B99006-531D-4856-B2BA-A907EBA3C64C}.Release|Any CPU.Build.0 = Release|Any CPU
	EndGlobalSection
	GlobalSection(SolutionProperties) = preSolution
		HideSolutionNode = FALSE
	EndGlobalSection
	GlobalSection(ExtensibilityGlobals) = postSolution
		SolutionGuid = {37E47DE2-FF8F-40E0-8E6C-CEA740DD52DD}
	EndGlobalSection
EndGlobal
