
Microsoft Visual Studio Solution File, Format Version 12.00
# Visual Studio Version 16
VisualStudioVersion = 16.0.30002.166
MinimumVisualStudioVersion = 10.0.40219.1
Project("{FAE04EC0-301F-11D3-BF4B-00C04F79EFBC}") = "Modules", "Modules\Modules.csproj", "{396CF40E-C882-4DC1-835D-FC8BC2D582B9}"
EndProject
Global
	GlobalSection(SolutionConfigurationPlatforms) = preSolution
		Debug|Any CPU = Debug|Any CPU
		Release|Any CPU = Release|Any CPU
	EndGlobalSection
	GlobalSection(ProjectConfigurationPlatforms) = postSolution
		{396CF40E-C882-4DC1-835D-FC8BC2D582B9}.Debug|Any CPU.ActiveCfg = Debug|Any CPU
		{396CF40E-C882-4DC1-835D-FC8BC2D582B9}.Debug|Any CPU.Build.0 = Debug|Any CPU
		{396CF40E-C882-4DC1-835D-FC8BC2D582B9}.Release|Any CPU.ActiveCfg = Release|Any CPU
		{396CF40E-C882-4DC1-835D-FC8BC2D582B9}.Release|Any CPU.Build.0 = Release|Any CPU
	EndGlobalSection
	GlobalSection(SolutionProperties) = preSolution
		HideSolutionNode = FALSE
	EndGlobalSection
	GlobalSection(ExtensibilityGlobals) = postSolution
		SolutionGuid = {ACD3D0E1-5B29-41C2-A3E8-8936BD295792}
	EndGlobalSection
EndGlobal
