
Microsoft Visual Studio Solution File, Format Version 12.00
# Visual Studio Version 16
VisualStudioVersion = 16.0.30002.166
MinimumVisualStudioVersion = 10.0.40219.1
Project("{FAE04EC0-301F-11D3-BF4B-00C04F79EFBC}") = "ControllingScopeAndLifetime", "ControllingScopeAndLifetime\ControllingScopeAndLifetime.csproj", "{463B9F9A-1956-47D0-9D71-499BA34DD943}"
EndProject
Project("{FAE04EC0-301F-11D3-BF4B-00C04F79EFBC}") = "LifetimeEvents", "LifetimeEvents\LifetimeEvents.csproj", "{FD1E652E-B7B8-490B-92AB-49E4FBD062B7}"
EndProject
Global
	GlobalSection(SolutionConfigurationPlatforms) = preSolution
		Debug|Any CPU = Debug|Any CPU
		Release|Any CPU = Release|Any CPU
	EndGlobalSection
	GlobalSection(ProjectConfigurationPlatforms) = postSolution
		{463B9F9A-1956-47D0-9D71-499BA34DD943}.Debug|Any CPU.ActiveCfg = Debug|Any CPU
		{463B9F9A-1956-47D0-9D71-499BA34DD943}.Debug|Any CPU.Build.0 = Debug|Any CPU
		{463B9F9A-1956-47D0-9D71-499BA34DD943}.Release|Any CPU.ActiveCfg = Release|Any CPU
		{463B9F9A-1956-47D0-9D71-499BA34DD943}.Release|Any CPU.Build.0 = Release|Any CPU
		{FD1E652E-B7B8-490B-92AB-49E4FBD062B7}.Debug|Any CPU.ActiveCfg = Debug|Any CPU
		{FD1E652E-B7B8-490B-92AB-49E4FBD062B7}.Debug|Any CPU.Build.0 = Debug|Any CPU
		{FD1E652E-B7B8-490B-92AB-49E4FBD062B7}.Release|Any CPU.ActiveCfg = Release|Any CPU
		{FD1E652E-B7B8-490B-92AB-49E4FBD062B7}.Release|Any CPU.Build.0 = Release|Any CPU
	EndGlobalSection
	GlobalSection(SolutionProperties) = preSolution
		HideSolutionNode = FALSE
	EndGlobalSection
	GlobalSection(ExtensibilityGlobals) = postSolution
		SolutionGuid = {7E5072BF-E140-4BED-8A60-474089196765}
	EndGlobalSection
EndGlobal
