
Microsoft Visual Studio Solution File, Format Version 12.00
# Visual Studio Version 16
VisualStudioVersion = 16.0.30002.166
MinimumVisualStudioVersion = 10.0.40219.1
Project("{FAE04EC0-301F-11D3-BF4B-00C04F79EFBC}") = "CriticalSections", "CriticalSections\CriticalSections.csproj", "{7F30644E-607C-4647-8697-60525AB161E0}"
EndProject
Project("{FAE04EC0-301F-11D3-BF4B-00C04F79EFBC}") = "Mutex", "Mutex\Mutex.csproj", "{59C78D52-AC36-4064-9095-BCD93892416C}"
EndProject
Project("{FAE04EC0-301F-11D3-BF4B-00C04F79EFBC}") = "ReaderWriterLocks", "ReaderWriterLocks\ReaderWriterLocks.csproj", "{91B3F2AD-FA69-46A1-BADE-982B77735B10}"
EndProject
Global
	GlobalSection(SolutionConfigurationPlatforms) = preSolution
		Debug|Any CPU = Debug|Any CPU
		Release|Any CPU = Release|Any CPU
	EndGlobalSection
	GlobalSection(ProjectConfigurationPlatforms) = postSolution
		{7F30644E-607C-4647-8697-60525AB161E0}.Debug|Any CPU.ActiveCfg = Debug|Any CPU
		{7F30644E-607C-4647-8697-60525AB161E0}.Debug|Any CPU.Build.0 = Debug|Any CPU
		{7F30644E-607C-4647-8697-60525AB161E0}.Release|Any CPU.ActiveCfg = Release|Any CPU
		{7F30644E-607C-4647-8697-60525AB161E0}.Release|Any CPU.Build.0 = Release|Any CPU
		{59C78D52-AC36-4064-9095-BCD93892416C}.Debug|Any CPU.ActiveCfg = Debug|Any CPU
		{59C78D52-AC36-4064-9095-BCD93892416C}.Debug|Any CPU.Build.0 = Debug|Any CPU
		{59C78D52-AC36-4064-9095-BCD93892416C}.Release|Any CPU.ActiveCfg = Release|Any CPU
		{59C78D52-AC36-4064-9095-BCD93892416C}.Release|Any CPU.Build.0 = Release|Any CPU
		{91B3F2AD-FA69-46A1-BADE-982B77735B10}.Debug|Any CPU.ActiveCfg = Debug|Any CPU
		{91B3F2AD-FA69-46A1-BADE-982B77735B10}.Debug|Any CPU.Build.0 = Debug|Any CPU
		{91B3F2AD-FA69-46A1-BADE-982B77735B10}.Release|Any CPU.ActiveCfg = Release|Any CPU
		{91B3F2AD-FA69-46A1-BADE-982B77735B10}.Release|Any CPU.Build.0 = Release|Any CPU
	EndGlobalSection
	GlobalSection(SolutionProperties) = preSolution
		HideSolutionNode = FALSE
	EndGlobalSection
	GlobalSection(ExtensibilityGlobals) = postSolution
		SolutionGuid = {30975D9E-B39B-4CD3-8092-955323965B7E}
	EndGlobalSection
EndGlobal
